
Microsoft Visual Studio Solution File, Format Version 12.00
# Visual Studio 15
Project("{FAE04EC0-301F-11D3-BF4B-00C04F79EFBC}") = "FirstApp.Android", "FirstApp.Android\FirstApp.Android.csproj", "{62537D6C-A402-4F81-A4DA-FB8E00410DC6}"
EndProject
Project("{FAE04EC0-301F-11D3-BF4B-00C04F79EFBC}") = "FirstApp.iOS", "FirstApp.iOS\FirstApp.iOS.csproj", "{2E445A01-C3E0-4544-8532-6227A1E0597C}"
EndProject
Project("{FAE04EC0-301F-11D3-BF4B-00C04F79EFBC}") = "FirstApp", "FirstApp\FirstApp.csproj", "{0552FB15-FF13-4DAC-8A39-5F5A40D19182}"
EndProject
Global
	GlobalSection(SolutionConfigurationPlatforms) = preSolution
		Debug|Any CPU = Debug|Any CPU
		Release|Any CPU = Release|Any CPU
		Debug|iPhoneSimulator = Debug|iPhoneSimulator
		Release|iPhoneSimulator = Release|iPhoneSimulator
		Debug|iPhone = Debug|iPhone
		Release|iPhone = Release|iPhone
	EndGlobalSection
	GlobalSection(ProjectConfigurationPlatforms) = postSolution
		{62537D6C-A402-4F81-A4DA-FB8E00410DC6}.Debug|Any CPU.ActiveCfg = Debug|Any CPU
		{62537D6C-A402-4F81-A4DA-FB8E00410DC6}.Debug|Any CPU.Build.0 = Debug|Any CPU
		{62537D6C-A402-4F81-A4DA-FB8E00410DC6}.Release|Any CPU.ActiveCfg = Release|Any CPU
		{62537D6C-A402-4F81-A4DA-FB8E00410DC6}.Release|Any CPU.Build.0 = Release|Any CPU
		{62537D6C-A402-4F81-A4DA-FB8E00410DC6}.Debug|iPhoneSimulator.ActiveCfg = Debug|Any CPU
		{62537D6C-A402-4F81-A4DA-FB8E00410DC6}.Debug|iPhoneSimulator.Build.0 = Debug|Any CPU
		{62537D6C-A402-4F81-A4DA-FB8E00410DC6}.Release|iPhoneSimulator.ActiveCfg = Release|Any CPU
		{62537D6C-A402-4F81-A4DA-FB8E00410DC6}.Release|iPhoneSimulator.Build.0 = Release|Any CPU
		{62537D6C-A402-4F81-A4DA-FB8E00410DC6}.Debug|iPhone.ActiveCfg = Debug|Any CPU
		{62537D6C-A402-4F81-A4DA-FB8E00410DC6}.Debug|iPhone.Build.0 = Debug|Any CPU
		{62537D6C-A402-4F81-A4DA-FB8E00410DC6}.Release|iPhone.ActiveCfg = Release|Any CPU
		{62537D6C-A402-4F81-A4DA-FB8E00410DC6}.Release|iPhone.Build.0 = Release|Any CPU
		{2E445A01-C3E0-4544-8532-6227A1E0597C}.Debug|Any CPU.ActiveCfg = Debug|iPhoneSimulator
		{2E445A01-C3E0-4544-8532-6227A1E0597C}.Debug|Any CPU.Build.0 = Debug|iPhoneSimulator
		{2E445A01-C3E0-4544-8532-6227A1E0597C}.Release|Any CPU.ActiveCfg = Release|iPhoneSimulator
		{2E445A01-C3E0-4544-8532-6227A1E0597C}.Release|Any CPU.Build.0 = Release|iPhoneSimulator
		{2E445A01-C3E0-4544-8532-6227A1E0597C}.Debug|iPhoneSimulator.ActiveCfg = Debug|iPhoneSimulator
		{2E445A01-C3E0-4544-8532-6227A1E0597C}.Debug|iPhoneSimulator.Build.0 = Debug|iPhoneSimulator
		{2E445A01-C3E0-4544-8532-6227A1E0597C}.Release|iPhoneSimulator.ActiveCfg = Release|iPhoneSimulator
		{2E445A01-C3E0-4544-8532-6227A1E0597C}.Release|iPhoneSimulator.Build.0 = Release|iPhoneSimulator
		{2E445A01-C3E0-4544-8532-6227A1E0597C}.Debug|iPhone.ActiveCfg = Debug|iPhone
		{2E445A01-C3E0-4544-8532-6227A1E0597C}.Debug|iPhone.Build.0 = Debug|iPhone
		{2E445A01-C3E0-4544-8532-6227A1E0597C}.Release|iPhone.ActiveCfg = Release|iPhone
		{2E445A01-C3E0-4544-8532-6227A1E0597C}.Release|iPhone.Build.0 = Release|iPhone
		{0552FB15-FF13-4DAC-8A39-5F5A40D19182}.Debug|Any CPU.ActiveCfg = Debug|Any CPU
		{0552FB15-FF13-4DAC-8A39-5F5A40D19182}.Debug|Any CPU.Build.0 = Debug|Any CPU
		{0552FB15-FF13-4DAC-8A39-5F5A40D19182}.Release|Any CPU.ActiveCfg = Release|Any CPU
		{0552FB15-FF13-4DAC-8A39-5F5A40D19182}.Release|Any CPU.Build.0 = Release|Any CPU
		{0552FB15-FF13-4DAC-8A39-5F5A40D19182}.Debug|iPhoneSimulator.ActiveCfg = Debug|Any CPU
		{0552FB15-FF13-4DAC-8A39-5F5A40D19182}.Debug|iPhoneSimulator.Build.0 = Debug|Any CPU
		{0552FB15-FF13-4DAC-8A39-5F5A40D19182}.Release|iPhoneSimulator.ActiveCfg = Release|Any CPU
		{0552FB15-FF13-4DAC-8A39-5F5A40D19182}.Release|iPhoneSimulator.Build.0 = Release|Any CPU
		{0552FB15-FF13-4DAC-8A39-5F5A40D19182}.Debug|iPhone.ActiveCfg = Debug|Any CPU
		{0552FB15-FF13-4DAC-8A39-5F5A40D19182}.Debug|iPhone.Build.0 = Debug|Any CPU
		{0552FB15-FF13-4DAC-8A39-5F5A40D19182}.Release|iPhone.ActiveCfg = Release|Any CPU
		{0552FB15-FF13-4DAC-8A39-5F5A40D19182}.Release|iPhone.Build.0 = Release|Any CPU
	EndGlobalSection
EndGlobal
